Microsoft Visual Studio Solution File, Format Version 12.00
# Visual Studio Version 17
VisualStudioVersion = 17.10.35013.160
MinimumVisualStudioVersion = 10.0.40219.1
Project("{9A19103F-16F7-4668-BE54-9A1E7A4F7556}") = "Library-Management-System", "Library-Management-System\Library-Management-System.csproj", "{BE68ED3E-7C8F-41A7-8C30-26FDFDD51692}"
EndProject
Global
	GlobalSection(SolutionConfigurationPlatforms) = preSolution
		Debug|Any CPU = Debug|Any CPU
		Release|Any CPU = Release|Any CPU
	EndGlobalSection
	GlobalSection(ProjectConfigurationPlatforms) = postSolution
		{BE68ED3E-7C8F-41A7-8C30-26FDFDD51692}.Debug|Any CPU.ActiveCfg = Debug|Any CPU
		{BE68ED3E-7C8F-41A7-8C30-26FDFDD51692}.Debug|Any CPU.Build.0 = Debug|Any CPU
		{BE68ED3E-7C8F-41A7-8C30-26FDFDD51692}.Release|Any CPU.ActiveCfg = Release|Any CPU
		{BE68ED3E-7C8F-41A7-8C30-26FDFDD51692}.Release|Any CPU.Build.0 = Release|Any CPU
	EndGlobalSection
	GlobalSection(SolutionProperties) = preSolution
		HideSolutionNode = FALSE
	EndGlobalSection
	GlobalSection(ExtensibilityGlobals) = postSolution
		SolutionGuid = {A5E468F1-5736-411F-914F-66457473918C}
	EndGlobalSection
EndGlobal
